
Microsoft Visual Studio Solution File, Format Version 12.00
# Visual Studio Version 16
VisualStudioVersion = 16.0.33927.289
MinimumVisualStudioVersion = 10.0.40219.1
Project("{2150E333-8FDC-42A3-9474-1A3956D46DE8}") = "Microservices", "Microservices", "{31C1300D-5B98-45CD-9A9E-3136B4622594}"
EndProject
Project("{2150E333-8FDC-42A3-9474-1A3956D46DE8}") = "Domain", "Domain", "{91F250F6-F0F2-43BE-A908-635DCC3F1A4C}"
EndProject
Project("{2150E333-8FDC-42A3-9474-1A3956D46DE8}") = "Infra.Bus", "Infra.Bus", "{50FDF66E-0CD6-42DA-88E3-E9FABF78DC89}"
EndProject
Project("{2150E333-8FDC-42A3-9474-1A3956D46DE8}") = "Infra.IoC", "Infra.IoC", "{20EA9F1C-3AE9-4F34-A16D-9574A7C47263}"
EndProject
Project("{2150E333-8FDC-42A3-9474-1A3956D46DE8}") = "Presentation", "Presentation", "{3B236327-357B-4FAA-96A5-29C0837D15BA}"
EndProject
Project("{9A19103F-16F7-4668-BE54-9A1E7A4F7556}") = "MicroRabbit.Domain.Core", "MicroRabbit.Domain.Core\MicroRabbit.Domain.Core.csproj", "{63877D92-2859-4FB9-9231-F09334BB4AD5}"
EndProject
Project("{9A19103F-16F7-4668-BE54-9A1E7A4F7556}") = "MicroRabbit.Infra.Bus", "MicroRabbit.Infra.Bus\MicroRabbit.Infra.Bus.csproj", "{E370AE6D-C792-4B18-89B2-590938FAE839}"
EndProject
Project("{9A19103F-16F7-4668-BE54-9A1E7A4F7556}") = "MicroRabbit.Infra.IoC", "MicroRabbit.Infra.IoC\MicroRabbit.Infra.IoC.csproj", "{290F41D6-FF0A-4EE2-9EF3-E862F8E37626}"
EndProject
Project("{2150E333-8FDC-42A3-9474-1A3956D46DE8}") = "Banking", "Banking", "{BE2C8952-46A0-47AA-8590-36995418B383}"
EndProject
Project("{2150E333-8FDC-42A3-9474-1A3956D46DE8}") = "Api", "Api", "{7D87D303-025F-4029-A6DF-EF367CB0A862}"
EndProject
Project("{2150E333-8FDC-42A3-9474-1A3956D46DE8}") = "Domain", "Domain", "{AB3BCB4C-B338-4CDB-AEA5-E383C3E56872}"
EndProject
Project("{2150E333-8FDC-42A3-9474-1A3956D46DE8}") = "Application", "Application", "{AA497D13-4E63-4179-8873-614EFE3B6311}"
EndProject
Project("{2150E333-8FDC-42A3-9474-1A3956D46DE8}") = "Data", "Data", "{30F515A9-C152-47AC-A347-87D3F7480558}"
EndProject
Project("{9A19103F-16F7-4668-BE54-9A1E7A4F7556}") = "MicroRabbit.Banking.Api", "MicroRabbit.Banking.Api\MicroRabbit.Banking.Api.csproj", "{A2584B6C-0780-4138-9FD4-4CDD7CB938FA}"
EndProject
Project("{9A19103F-16F7-4668-BE54-9A1E7A4F7556}") = "MicroRabbit.Banking.Application", "MicroRabbit.Banking.Application\MicroRabbit.Banking.Application.csproj", "{F4E998E4-3162-45C6-877A-9A6A61D74C9F}"
EndProject
Project("{9A19103F-16F7-4668-BE54-9A1E7A4F7556}") = "MicroRabbit.Banking.Data", "MicroRabbit.Banking.Data\MicroRabbit.Banking.Data.csproj", "{63284FC2-3648-44BB-82B3-BDB61F721F7D}"
EndProject
Project("{9A19103F-16F7-4668-BE54-9A1E7A4F7556}") = "MicroRabbit.Banking.Domain", "MicroRabbit.Banking.Domain\MicroRabbit.Banking.Domain.csproj", "{8C8179E6-2DAE-4471-9289-EBB47AEE2CC0}"
EndProject
Project("{2150E333-8FDC-42A3-9474-1A3956D46DE8}") = "Transfer", "Transfer", "{DC8ACCCC-CD7F-4F24-B668-DB0D0A442755}"
EndProject
Project("{2150E333-8FDC-42A3-9474-1A3956D46DE8}") = "Api", "Api", "{B403970A-8878-4948-A65D-EEE590240886}"
EndProject
Project("{2150E333-8FDC-42A3-9474-1A3956D46DE8}") = "Application", "Application", "{87E4B57A-77C4-4D51-993D-CC1534BB815B}"
EndProject
Project("{2150E333-8FDC-42A3-9474-1A3956D46DE8}") = "Domain", "Domain", "{8BB23DF4-7A65-4F1A-8587-60952D4CDB8D}"
EndProject
Project("{2150E333-8FDC-42A3-9474-1A3956D46DE8}") = "Data", "Data", "{B5A2A25F-8726-485A-AED6-CE9BA961669B}"
EndProject
Project("{FAE04EC0-301F-11D3-BF4B-00C04F79EFBC}") = "MicroRabbit.Transfer.Api", "MicroRabbit.Transfer.Api\MicroRabbit.Transfer.Api.csproj", "{08644085-827E-43F8-8588-5737822F14BA}"
EndProject
Project("{FAE04EC0-301F-11D3-BF4B-00C04F79EFBC}") = "MicroRabbit.Transfer.Domain", "MicroRabbit.Transfer.Domain\MicroRabbit.Transfer.Domain.csproj", "{6D19901D-2921-4C5E-BDF2-E9BB6CF6D988}"
EndProject
Project("{FAE04EC0-301F-11D3-BF4B-00C04F79EFBC}") = "MicroRabbit.Transfer.Data", "MicroRabbit.Transfer.Data\MicroRabbit.Transfer.Data.csproj", "{9583904E-F4A0-4F7D-8C58-2CE9A381FFC1}"
EndProject
Project("{FAE04EC0-301F-11D3-BF4B-00C04F79EFBC}") = "MicroRabbit.Transfer.Application", "MicroRabbit.Transfer.Application\MicroRabbit.Transfer.Application.csproj", "{425BF7B5-AEC9-4C87-9F96-4E2DDA685D57}"
EndProject
Global
	GlobalSection(SolutionConfigurationPlatforms) = preSolution
		Debug|Any CPU = Debug|Any CPU
		Release|Any CPU = Release|Any CPU
	EndGlobalSection
	GlobalSection(ProjectConfigurationPlatforms) = postSolution
		{63877D92-2859-4FB9-9231-F09334BB4AD5}.Debug|Any CPU.ActiveCfg = Debug|Any CPU
		{63877D92-2859-4FB9-9231-F09334BB4AD5}.Debug|Any CPU.Build.0 = Debug|Any CPU
		{63877D92-2859-4FB9-9231-F09334BB4AD5}.Release|Any CPU.ActiveCfg = Release|Any CPU
		{63877D92-2859-4FB9-9231-F09334BB4AD5}.Release|Any CPU.Build.0 = Release|Any CPU
		{E370AE6D-C792-4B18-89B2-590938FAE839}.Debug|Any CPU.ActiveCfg = Debug|Any CPU
		{E370AE6D-C792-4B18-89B2-590938FAE839}.Debug|Any CPU.Build.0 = Debug|Any CPU
		{E370AE6D-C792-4B18-89B2-590938FAE839}.Release|Any CPU.ActiveCfg = Release|Any CPU
		{E370AE6D-C792-4B18-89B2-590938FAE839}.Release|Any CPU.Build.0 = Release|Any CPU
		{290F41D6-FF0A-4EE2-9EF3-E862F8E37626}.Debug|Any CPU.ActiveCfg = Debug|Any CPU
		{290F41D6-FF0A-4EE2-9EF3-E862F8E37626}.Debug|Any CPU.Build.0 = Debug|Any CPU
		{290F41D6-FF0A-4EE2-9EF3-E862F8E37626}.Release|Any CPU.ActiveCfg = Release|Any CPU
		{290F41D6-FF0A-4EE2-9EF3-E862F8E37626}.Release|Any CPU.Build.0 = Release|Any CPU
		{A2584B6C-0780-4138-9FD4-4CDD7CB938FA}.Debug|Any CPU.ActiveCfg = Debug|Any CPU
		{A2584B6C-0780-4138-9FD4-4CDD7CB938FA}.Debug|Any CPU.Build.0 = Debug|Any CPU
		{A2584B6C-0780-4138-9FD4-4CDD7CB938FA}.Release|Any CPU.ActiveCfg = Release|Any CPU
		{A2584B6C-0780-4138-9FD4-4CDD7CB938FA}.Release|Any CPU.Build.0 = Release|Any CPU
		{F4E998E4-3162-45C6-877A-9A6A61D74C9F}.Debug|Any CPU.ActiveCfg = Debug|Any CPU
		{F4E998E4-3162-45C6-877A-9A6A61D74C9F}.Debug|Any CPU.Build.0 = Debug|Any CPU
		{F4E998E4-3162-45C6-877A-9A6A61D74C9F}.Release|Any CPU.ActiveCfg = Release|Any CPU
		{F4E998E4-3162-45C6-877A-9A6A61D74C9F}.Release|Any CPU.Build.0 = Release|Any CPU
		{63284FC2-3648-44BB-82B3-BDB61F721F7D}.Debug|Any CPU.ActiveCfg = Debug|Any CPU
		{63284FC2-3648-44BB-82B3-BDB61F721F7D}.Debug|Any CPU.Build.0 = Debug|Any CPU
		{63284FC2-3648-44BB-82B3-BDB61F721F7D}.Release|Any CPU.ActiveCfg = Release|Any CPU
		{63284FC2-3648-44BB-82B3-BDB61F721F7D}.Release|Any CPU.Build.0 = Release|Any CPU
		{8C8179E6-2DAE-4471-9289-EBB47AEE2CC0}.Debug|Any CPU.ActiveCfg = Debug|Any CPU
		{8C8179E6-2DAE-4471-9289-EBB47AEE2CC0}.Debug|Any CPU.Build.0 = Debug|Any CPU
		{8C8179E6-2DAE-4471-9289-EBB47AEE2CC0}.Release|Any CPU.ActiveCfg = Release|Any CPU
		{8C8179E6-2DAE-4471-9289-EBB47AEE2CC0}.Release|Any CPU.Build.0 = Release|Any CPU
		{08644085-827E-43F8-8588-5737822F14BA}.Debug|Any CPU.ActiveCfg = Debug|Any CPU
		{08644085-827E-43F8-8588-5737822F14BA}.Debug|Any CPU.Build.0 = Debug|Any CPU
		{08644085-827E-43F8-8588-5737822F14BA}.Release|Any CPU.ActiveCfg = Release|Any CPU
		{08644085-827E-43F8-8588-5737822F14BA}.Release|Any CPU.Build.0 = Release|Any CPU
		{6D19901D-2921-4C5E-BDF2-E9BB6CF6D988}.Debug|Any CPU.ActiveCfg = Debug|Any CPU
		{6D19901D-2921-4C5E-BDF2-E9BB6CF6D988}.Debug|Any CPU.Build.0 = Debug|Any CPU
		{6D19901D-2921-4C5E-BDF2-E9BB6CF6D988}.Release|Any CPU.ActiveCfg = Release|Any CPU
		{6D19901D-2921-4C5E-BDF2-E9BB6CF6D988}.Release|Any CPU.Build.0 = Release|Any CPU
		{9583904E-F4A0-4F7D-8C58-2CE9A381FFC1}.Debug|Any CPU.ActiveCfg = Debug|Any CPU
		{9583904E-F4A0-4F7D-8C58-2CE9A381FFC1}.Debug|Any CPU.Build.0 = Debug|Any CPU
		{9583904E-F4A0-4F7D-8C58-2CE9A381FFC1}.Release|Any CPU.ActiveCfg = Release|Any CPU
		{9583904E-F4A0-4F7D-8C58-2CE9A381FFC1}.Release|Any CPU.Build.0 = Release|Any CPU
		{425BF7B5-AEC9-4C87-9F96-4E2DDA685D57}.Debug|Any CPU.ActiveCfg = Debug|Any CPU
		{425BF7B5-AEC9-4C87-9F96-4E2DDA685D57}.Debug|Any CPU.Build.0 = Debug|Any CPU
		{425BF7B5-AEC9-4C87-9F96-4E2DDA685D57}.Release|Any CPU.ActiveCfg = Release|Any CPU
		{425BF7B5-AEC9-4C87-9F96-4E2DDA685D57}.Release|Any CPU.Build.0 = Release|Any CPU
	EndGlobalSection
	GlobalSection(SolutionProperties) = preSolution
		HideSolutionNode = FALSE
	EndGlobalSection
	GlobalSection(NestedProjects) = preSolution
		{63877D92-2859-4FB9-9231-F09334BB4AD5} = {91F250F6-F0F2-43BE-A908-635DCC3F1A4C}
		{E370AE6D-C792-4B18-89B2-590938FAE839} = {50FDF66E-0CD6-42DA-88E3-E9FABF78DC89}
		{290F41D6-FF0A-4EE2-9EF3-E862F8E37626} = {20EA9F1C-3AE9-4F34-A16D-9574A7C47263}
		{BE2C8952-46A0-47AA-8590-36995418B383} = {31C1300D-5B98-45CD-9A9E-3136B4622594}
		{7D87D303-025F-4029-A6DF-EF367CB0A862} = {BE2C8952-46A0-47AA-8590-36995418B383}
		{AB3BCB4C-B338-4CDB-AEA5-E383C3E56872} = {BE2C8952-46A0-47AA-8590-36995418B383}
		{AA497D13-4E63-4179-8873-614EFE3B6311} = {BE2C8952-46A0-47AA-8590-36995418B383}
		{30F515A9-C152-47AC-A347-87D3F7480558} = {BE2C8952-46A0-47AA-8590-36995418B383}
		{A2584B6C-0780-4138-9FD4-4CDD7CB938FA} = {7D87D303-025F-4029-A6DF-EF367CB0A862}
		{F4E998E4-3162-45C6-877A-9A6A61D74C9F} = {AA497D13-4E63-4179-8873-614EFE3B6311}
		{63284FC2-3648-44BB-82B3-BDB61F721F7D} = {30F515A9-C152-47AC-A347-87D3F7480558}
		{8C8179E6-2DAE-4471-9289-EBB47AEE2CC0} = {AB3BCB4C-B338-4CDB-AEA5-E383C3E56872}
		{DC8ACCCC-CD7F-4F24-B668-DB0D0A442755} = {31C1300D-5B98-45CD-9A9E-3136B4622594}
		{B403970A-8878-4948-A65D-EEE590240886} = {DC8ACCCC-CD7F-4F24-B668-DB0D0A442755}
		{87E4B57A-77C4-4D51-993D-CC1534BB815B} = {DC8ACCCC-CD7F-4F24-B668-DB0D0A442755}
		{8BB23DF4-7A65-4F1A-8587-60952D4CDB8D} = {DC8ACCCC-CD7F-4F24-B668-DB0D0A442755}
		{B5A2A25F-8726-485A-AED6-CE9BA961669B} = {DC8ACCCC-CD7F-4F24-B668-DB0D0A442755}
		{08644085-827E-43F8-8588-5737822F14BA} = {B403970A-8878-4948-A65D-EEE590240886}
		{6D19901D-2921-4C5E-BDF2-E9BB6CF6D988} = {8BB23DF4-7A65-4F1A-8587-60952D4CDB8D}
		{9583904E-F4A0-4F7D-8C58-2CE9A381FFC1} = {B5A2A25F-8726-485A-AED6-CE9BA961669B}
		{425BF7B5-AEC9-4C87-9F96-4E2DDA685D57} = {87E4B57A-77C4-4D51-993D-CC1534BB815B}
	EndGlobalSection
	GlobalSection(ExtensibilityGlobals) = postSolution
		SolutionGuid = {0114F261-6D0A-4B30-A7F8-FA51D5A2B962}
	EndGlobalSection
EndGlobal
